
Microsoft Visual Studio Solution File, Format Version 12.00
# Visual Studio Version 16
VisualStudioVersion = 16.0.29905.134
MinimumVisualStudioVersion = 10.0.40219.1
Project("{FAE04EC0-301F-11D3-BF4B-00C04F79EFBC}") = "Level1", "Level1\Level1.csproj", "{C0986A9A-A41C-447C-A0C7-1D0D1B5C0721}"
EndProject
Project("{FAE04EC0-301F-11D3-BF4B-00C04F79EFBC}") = "Entities", "Entities\Entities.csproj", "{80C2967C-7982-4606-B0FC-BB2454E4F1DB}"
EndProject
Project("{FAE04EC0-301F-11D3-BF4B-00C04F79EFBC}") = "DataLayer", "DataLayer\DataLayer.csproj", "{71FD1B54-03E5-464A-B52A-528123D3FEC9}"
EndProject
Project("{FAE04EC0-301F-11D3-BF4B-00C04F79EFBC}") = "BusinessLayer", "BusinessLayer\BusinessLayer.csproj", "{C6875A48-BAED-40E3-B659-2CC614450C7A}"
EndProject
Global
	GlobalSection(SolutionConfigurationPlatforms) = preSolution
		Debug|Any CPU = Debug|Any CPU
		Release|Any CPU = Release|Any CPU
	EndGlobalSection
	GlobalSection(ProjectConfigurationPlatforms) = postSolution
		{C0986A9A-A41C-447C-A0C7-1D0D1B5C0721}.Debug|Any CPU.ActiveCfg = Debug|Any CPU
		{C0986A9A-A41C-447C-A0C7-1D0D1B5C0721}.Debug|Any CPU.Build.0 = Debug|Any CPU
		{C0986A9A-A41C-447C-A0C7-1D0D1B5C0721}.Release|Any CPU.ActiveCfg = Release|Any CPU
		{C0986A9A-A41C-447C-A0C7-1D0D1B5C0721}.Release|Any CPU.Build.0 = Release|Any CPU
		{80C2967C-7982-4606-B0FC-BB2454E4F1DB}.Debug|Any CPU.ActiveCfg = Debug|Any CPU
		{80C2967C-7982-4606-B0FC-BB2454E4F1DB}.Debug|Any CPU.Build.0 = Debug|Any CPU
		{80C2967C-7982-4606-B0FC-BB2454E4F1DB}.Release|Any CPU.ActiveCfg = Release|Any CPU
		{80C2967C-7982-4606-B0FC-BB2454E4F1DB}.Release|Any CPU.Build.0 = Release|Any CPU
		{71FD1B54-03E5-464A-B52A-528123D3FEC9}.Debug|Any CPU.ActiveCfg = Debug|Any CPU
		{71FD1B54-03E5-464A-B52A-528123D3FEC9}.Debug|Any CPU.Build.0 = Debug|Any CPU
		{71FD1B54-03E5-464A-B52A-528123D3FEC9}.Release|Any CPU.ActiveCfg = Release|Any CPU
		{71FD1B54-03E5-464A-B52A-528123D3FEC9}.Release|Any CPU.Build.0 = Release|Any CPU
		{C6875A48-BAED-40E3-B659-2CC614450C7A}.Debug|Any CPU.ActiveCfg = Debug|Any CPU
		{C6875A48-BAED-40E3-B659-2CC614450C7A}.Debug|Any CPU.Build.0 = Debug|Any CPU
		{C6875A48-BAED-40E3-B659-2CC614450C7A}.Release|Any CPU.ActiveCfg = Release|Any CPU
		{C6875A48-BAED-40E3-B659-2CC614450C7A}.Release|Any CPU.Build.0 = Release|Any CPU
	EndGlobalSection
	GlobalSection(SolutionProperties) = preSolution
		HideSolutionNode = FALSE
	EndGlobalSection
	GlobalSection(ExtensibilityGlobals) = postSolution
		SolutionGuid = {B525AC74-43E5-4548-87D9-FD10D978284E}
	EndGlobalSection
EndGlobal
